
Microsoft Visual Studio Solution File, Format Version 12.00
# Visual Studio 15
VisualStudioVersion = 15.0.28307.136
MinimumVisualStudioVersion = 10.0.40219.1
Project("{9A19103F-16F7-4668-BE54-9A1E7A4F7556}") = "TxoutSet.Fetcher", "TxoutSet.Fetcher\TxoutSet.Fetcher.csproj", "{BC321148-F2D7-4A63-A433-FB6CBEE8F7FF}"
EndProject
Project("{9A19103F-16F7-4668-BE54-9A1E7A4F7556}") = "TxoutSet.Publisher", "TxoutSet.Publisher\TxoutSet.Publisher.csproj", "{32C4A52E-1F17-4F34-9E74-A0AF61511328}"
EndProject
Project("{9A19103F-16F7-4668-BE54-9A1E7A4F7556}") = "TxoutSet.Common", "TxoutSet.Common\TxoutSet.Common.csproj", "{0F2F3BC4-5046-4043-9F85-30DD56D70228}"
EndProject
Project("{2150E333-8FDC-42A3-9474-1A3956D46DE8}") = "SolutionItems", "SolutionItems", "{378F5317-377B-4E6E-AF6D-9C654FEC0F67}"
	ProjectSection(SolutionItems) = preProject
		.gitlab-ci.yml = .gitlab-ci.yml
	EndProjectSection
EndProject
Project("{FAE04EC0-301F-11D3-BF4B-00C04F79EFBC}") = "TxoutSet.Tests", "TxoutSet.Tests\TxoutSet.Tests.csproj", "{8B3803B1-5652-4E18-B914-BD3C0DD49677}"
EndProject
Global
	GlobalSection(SolutionConfigurationPlatforms) = preSolution
		Debug|Any CPU = Debug|Any CPU
		Release|Any CPU = Release|Any CPU
	EndGlobalSection
	GlobalSection(ProjectConfigurationPlatforms) = postSolution
		{BC321148-F2D7-4A63-A433-FB6CBEE8F7FF}.Debug|Any CPU.ActiveCfg = Debug|Any CPU
		{BC321148-F2D7-4A63-A433-FB6CBEE8F7FF}.Debug|Any CPU.Build.0 = Debug|Any CPU
		{BC321148-F2D7-4A63-A433-FB6CBEE8F7FF}.Release|Any CPU.ActiveCfg = Release|Any CPU
		{BC321148-F2D7-4A63-A433-FB6CBEE8F7FF}.Release|Any CPU.Build.0 = Release|Any CPU
		{32C4A52E-1F17-4F34-9E74-A0AF61511328}.Debug|Any CPU.ActiveCfg = Debug|Any CPU
		{32C4A52E-1F17-4F34-9E74-A0AF61511328}.Debug|Any CPU.Build.0 = Debug|Any CPU
		{32C4A52E-1F17-4F34-9E74-A0AF61511328}.Release|Any CPU.ActiveCfg = Release|Any CPU
		{32C4A52E-1F17-4F34-9E74-A0AF61511328}.Release|Any CPU.Build.0 = Release|Any CPU
		{0F2F3BC4-5046-4043-9F85-30DD56D70228}.Debug|Any CPU.ActiveCfg = Debug|Any CPU
		{0F2F3BC4-5046-4043-9F85-30DD56D70228}.Debug|Any CPU.Build.0 = Debug|Any CPU
		{0F2F3BC4-5046-4043-9F85-30DD56D70228}.Release|Any CPU.ActiveCfg = Release|Any CPU
		{0F2F3BC4-5046-4043-9F85-30DD56D70228}.Release|Any CPU.Build.0 = Release|Any CPU
		{8B3803B1-5652-4E18-B914-BD3C0DD49677}.Debug|Any CPU.ActiveCfg = Debug|Any CPU
		{8B3803B1-5652-4E18-B914-BD3C0DD49677}.Debug|Any CPU.Build.0 = Debug|Any CPU
		{8B3803B1-5652-4E18-B914-BD3C0DD49677}.Release|Any CPU.ActiveCfg = Release|Any CPU
		{8B3803B1-5652-4E18-B914-BD3C0DD49677}.Release|Any CPU.Build.0 = Release|Any CPU
	EndGlobalSection
	GlobalSection(SolutionProperties) = preSolution
		HideSolutionNode = FALSE
	EndGlobalSection
	GlobalSection(ExtensibilityGlobals) = postSolution
		SolutionGuid = {478ED8DD-D1DF-48AD-A946-85E3330299C0}
	EndGlobalSection
EndGlobal
